# This file is automatically @generated by Cargo.
# It is not intended for manual editing.
version = 3

[[package]]
name = "ataabu"
version = "0.1.0"
dependencies = [
 "trees",
 "unicode-segmentation",
]

[[package]]
name = "trees"
version = "0.4.2"
source = "registry+https://github.com/rust-lang/crates.io-index"
checksum = "0de5f738ceab88e2491a94ddc33c3feeadfa95fedc60363ef110845df12f3878"

[[package]]
name = "unicode-segmentation"
version = "1.9.0"
source = "registry+https://github.com/rust-lang/crates.io-index"
checksum = "7e8820f5d777f6224dc4be3632222971ac30164d4a258d595640799554ebfd99"
